
Microsoft Visual Studio Solution File, Format Version 12.00
# Visual Studio Version 17
VisualStudioVersion = 17.4.33213.308
MinimumVisualStudioVersion = 10.0.40219.1
Project("{FAE04EC0-301F-11D3-BF4B-00C04F79EFBC}") = "Object Oriented Project S2", "Object Oriented Project S2.csproj", "{945596F9-6862-4926-8978-84A83374278B}"
EndProject
Global
	GlobalSection(SolutionConfigurationPlatforms) = preSolution
		Debug|Any CPU = Debug|Any CPU
		Release|Any CPU = Release|Any CPU
	EndGlobalSection
	GlobalSection(ProjectConfigurationPlatforms) = postSolution
		{945596F9-6862-4926-8978-84A83374278B}.Debug|Any CPU.ActiveCfg = Debug|Any CPU
		{945596F9-6862-4926-8978-84A83374278B}.Debug|Any CPU.Build.0 = Debug|Any CPU
		{945596F9-6862-4926-8978-84A83374278B}.Release|Any CPU.ActiveCfg = Release|Any CPU
		{945596F9-6862-4926-8978-84A83374278B}.Release|Any CPU.Build.0 = Release|Any CPU
	EndGlobalSection
	GlobalSection(SolutionProperties) = preSolution
		HideSolutionNode = FALSE
	EndGlobalSection
	GlobalSection(ExtensibilityGlobals) = postSolution
		SolutionGuid = {7E271B9A-253C-47C0-AD4B-80DC26EB8A38}
	EndGlobalSection
EndGlobal
